dependencies:
- name: request-service
  repository: file://charts/request-service/
  version: 0.1.0
- name: kafka
  repository: https://ricardo-aires.github.io/helm-charts/
  version: 0.2.1
digest: sha256:f69c9eafad549a3156956f08ab40dbdebf9017b95cce82f5a025b494c9c134a2
generated: "2024-11-11T08:31:22.147822237+05:30"
